
Microsoft Visual Studio Solution File, Format Version 12.00
# Visual Studio 15
VisualStudioVersion = 15.0.28010.2026
MinimumVisualStudioVersion = 10.0.40219.1
Project("{8BC9CEB8-8B4A-11D0-8D11-00A0C91BC942}") = "105590047_HW5", "105590047_HW5\105590047_HW5.vcxproj", "{047E2C62-D6FA-4752-803B-B7356CED0A2E}"
EndProject
Global
	GlobalSection(SolutionConfigurationPlatforms) = preSolution
		Debug|x64 = Debug|x64
		Debug|x86 = Debug|x86
		Release|x64 = Release|x64
		Release|x86 = Release|x86
	EndGlobalSection
	GlobalSection(ProjectConfigurationPlatforms) = postSolution
		{047E2C62-D6FA-4752-803B-B7356CED0A2E}.Debug|x64.ActiveCfg = Debug|x64
		{047E2C62-D6FA-4752-803B-B7356CED0A2E}.Debug|x64.Build.0 = Debug|x64
		{047E2C62-D6FA-4752-803B-B7356CED0A2E}.Debug|x86.ActiveCfg = Debug|Win32
		{047E2C62-D6FA-4752-803B-B7356CED0A2E}.Debug|x86.Build.0 = Debug|Win32
		{047E2C62-D6FA-4752-803B-B7356CED0A2E}.Release|x64.ActiveCfg = Release|x64
		{047E2C62-D6FA-4752-803B-B7356CED0A2E}.Release|x64.Build.0 = Release|x64
		{047E2C62-D6FA-4752-803B-B7356CED0A2E}.Release|x86.ActiveCfg = Release|Win32
		{047E2C62-D6FA-4752-803B-B7356CED0A2E}.Release|x86.Build.0 = Release|Win32
	EndGlobalSection
	GlobalSection(SolutionProperties) = preSolution
		HideSolutionNode = FALSE
	EndGlobalSection
	GlobalSection(ExtensibilityGlobals) = postSolution
		SolutionGuid = {8529F0F1-EC70-48AD-80E7-A95E12EE93E6}
	EndGlobalSection
EndGlobal
